github.com/kryovyx/dix v0.1.0 h1:I4SS2/Soi+Kh66AfDX1eztcjwfwLZBm32UV9yz5eS9w=
github.com/kryovyx/dix v0.1.0/go.mod h1:Lpg/bUJLUDYDx1G3/yxcAk+Tr9TSJvEhODw9M0O51c0=
github.com/kryovyx/rex v0.1.0 h1:fV/qx3toK5Fy5LlSyk1HUGapousib1HvUO1BhcifsVw=
github.com/kryovyx/rex v0.1.0/go.mod h1:avgZz1/B8aW24+ZtlvUOl+VCAtbBx6ZFJlCTnR13phM=
github.com/kryovyx/rextension v0.1.0 h1:Hwl+OflgiPzxUxiPe1jzIoToXWPIGBmTFE0LtC4GR2U=
github.com/kryovyx/rextension v0.1.0/go.mod h1:drWtE9rUnCJYhAc8Eob+lS3yEOzM4cyvmaehdI7J/oY=
